// !$*UTF8*$!
{
	archiveVersion = 1;
	classes = {
	};
	objectVersion = 46;
	objects = {

/* Begin PBXBuildFile section */
		E311C34B1F14648100296041 /* blue background.png in Resources */ = {isa = PBXBuildFile; fileRef = E311C34A1F14648100296041 /* blue background.png */; };
		E311C34D1F1465B300296041 /* blue.jpg in Resources */ = {isa = PBXBuildFile; fileRef = E311C34C1F1465B300296041 /* blue.jpg */; };
		E311C34F1F148B2900296041 /* wood.jpg in Resources */ = {isa = PBXBuildFile; fileRef = E311C34E1F148B2900296041 /* wood.jpg */; };
		E311C3511F148E9300296041 /* darkWood.jpg in Resources */ = {isa = PBXBuildFile; fileRef = E311C3501F148E9300296041 /* darkWood.jpg */; };
		E311C3531F14964A00296041 /* woodFloor.jpg in Resources */ = {isa = PBXBuildFile; fileRef = E311C3521F14964A00296041 /* woodFloor.jpg */; };
		E311C3551F15B8CD00296041 /* parquet.jpg in Resources */ = {isa = PBXBuildFile; fileRef = E311C3541F15B8CD00296041 /* parquet.jpg */; };
		E311C3571F15B94A00296041 /* woodPattern.jpg in Resources */ = {isa = PBXBuildFile; fileRef = E311C3561F15B94A00296041 /* woodPattern.jpg */; };
		E311C3591F15E61500296041 /* blackStone.jpg in Resources */ = {isa = PBXBuildFile; fileRef = E311C3581F15E61500296041 /* blackStone.jpg */; };
		E311C35B1F15E68F00296041 /* concrete.jpg in Resources */ = {isa = PBXBuildFile; fileRef = E311C35A1F15E68F00296041 /* concrete.jpg */; };
		E311C35F1F17223300296041 /* greyFelt.jpg in Resources */ = {isa = PBXBuildFile; fileRef = E311C35E1F17223300296041 /* greyFelt.jpg */; };
		E311C3611F17246300296041 /* woodPlank.jpg in Resources */ = {isa = PBXBuildFile; fileRef = E311C3601F17246300296041 /* woodPlank.jpg */; };
		E311C3631F1724D100296041 /* whiteStone.jpg in Resources */ = {isa = PBXBuildFile; fileRef = E311C3621F1724D100296041 /* whiteStone.jpg */; };
		E3418E201EF2106700EF2487 /* GamePlayMethods.m in Sources */ = {isa = PBXBuildFile; fileRef = E3418E1F1EF2106700EF2487 /* GamePlayMethods.m */; };
		E3418E251EF214DD00EF2487 /* easyList.txt in Resources */ = {isa = PBXBuildFile; fileRef = E3418E211EF214DD00EF2487 /* easyList.txt */; };
		E3418E261EF214DD00EF2487 /* mediumList.txt in Resources */ = {isa = PBXBuildFile; fileRef = E3418E221EF214DD00EF2487 /* mediumList.txt */; };
		E3418E271EF214DD00EF2487 /* hardList.txt in Resources */ = {isa = PBXBuildFile; fileRef = E3418E231EF214DD00EF2487 /* hardList.txt */; };
		E3418E281EF214DD00EF2487 /* wordlist.txt in Resources */ = {isa = PBXBuildFile; fileRef = E3418E241EF214DD00EF2487 /* wordlist.txt */; };
		E3418E2B1EF221CB00EF2487 /* letterButton.m in Sources */ = {isa = PBXBuildFile; fileRef = E3418E2A1EF221CB00EF2487 /* letterButton.m */; };
		E3418E2E1EF221EF00EF2487 /* wordBox.m in Sources */ = {isa = PBXBuildFile; fileRef = E3418E2D1EF221EF00EF2487 /* wordBox.m */; };
		E3418E301EF4E32F00EF2487 /* tile.png in Resources */ = {isa = PBXBuildFile; fileRef = E3418E2F1EF4E32F00EF2487 /* tile.png */; };
		E34432A81F02DCFB004F84FD /* HeadChoiceViewController.m in Sources */ = {isa = PBXBuildFile; fileRef = E34432A71F02DCFB004F84FD /* HeadChoiceViewController.m */; };
		E34432AB1F02DD14004F84FD /* HostViewController.m in Sources */ = {isa = PBXBuildFile; fileRef = E34432AA1F02DD14004F84FD /* HostViewController.m */; };
		E34432AE1F02DD25004F84FD /* JoinViewController.m in Sources */ = {isa = PBXBuildFile; fileRef = E34432AD1F02DD25004F84FD /* JoinViewController.m */; };
		E3C344F91EF1D9C700690D4C /* main.m in Sources */ = {isa = PBXBuildFile; fileRef = E3C344F81EF1D9C700690D4C /* main.m */; };
		E3C344FC1EF1D9C700690D4C /* AppDelegate.m in Sources */ = {isa = PBXBuildFile; fileRef = E3C344FB1EF1D9C700690D4C /* AppDelegate.m */; };
		E3C345021EF1D9C700690D4C /* Main.storyboard in Resources */ = {isa = PBXBuildFile; fileRef = E3C345001EF1D9C700690D4C /* Main.storyboard */; };
		E3C345041EF1D9C700690D4C /* Assets.xcassets in Resources */ = {isa = PBXBuildFile; fileRef = E3C345031EF1D9C700690D4C /* Assets.xcassets */; };
		E3C345071EF1D9C700690D4C /* LaunchScreen.storyboard in Resources */ = {isa = PBXBuildFile; fileRef = E3C345051EF1D9C700690D4C /* LaunchScreen.storyboard */; };
		E3C345121EF1D9C800690D4C /* WordZappPro_2_0Tests.m in Sources */ = {isa = PBXBuildFile; fileRef = E3C345111EF1D9C800690D4C /* WordZappPro_2_0Tests.m */; };
		E3C3451D1EF1D9C800690D4C /* WordZappPro_2_0UITests.m in Sources */ = {isa = PBXBuildFile; fileRef = E3C3451C1EF1D9C800690D4C /* WordZappPro_2_0UITests.m */; };
		E3C3452C1EF2002300690D4C /* StartViewController.m in Sources */ = {isa = PBXBuildFile; fileRef = E3C3452B1EF2002300690D4C /* StartViewController.m */; };
		E3C3452F1EF200B800690D4C /* SoloSetupViewController.m in Sources */ = {isa = PBXBuildFile; fileRef = E3C3452E1EF200B800690D4C /* SoloSetupViewController.m */; };
		E3C345351EF200DF00690D4C /* SoloPlayViewController.m in Sources */ = {isa = PBXBuildFile; fileRef = E3C345341EF200DF00690D4C /* SoloPlayViewController.m */; };
		E3C345381EF200EF00690D4C /* HeadPlayViewController.m in Sources */ = {isa = PBXBuildFile; fileRef = E3C345371EF200EF00690D4C /* HeadPlayViewController.m */; };
		E3C3453B1EF201CB00690D4C /* MCManager.m in Sources */ = {isa = PBXBuildFile; fileRef = E3C3453A1EF201CB00690D4C /* MCManager.m */; };
		E3EB17031F3F072300899D12 /* UserDefaults.m in Sources */ = {isa = PBXBuildFile; fileRef = E3EB17021F3F072300899D12 /* UserDefaults.m */; };
		E3EB17061F3F1E7900899D12 /* HighScoresViewController.m in Sources */ = {isa = PBXBuildFile; fileRef = E3EB17051F3F1E7900899D12 /* HighScoresViewController.m */; };
/* End PBXBuildFile section */

/* Begin PBXContainerItemProxy section */
		E3C3450E1EF1D9C800690D4C /* PBXContainerItemProxy */ = {
			isa = PBXContainerItemProxy;
			containerPortal = E3C344EC1EF1D9C700690D4C /* Project object */;
			proxyType = 1;
			remoteGlobalIDString = E3C344F31EF1D9C700690D4C;
			remoteInfo = "WordZappPro 2.0";
		};
		E3C345191EF1D9C800690D4C /* PBXContainerItemProxy */ = {
			isa = PBXContainerItemProxy;
			containerPortal = E3C344EC1EF1D9C700690D4C /* Project object */;
			proxyType = 1;
			remoteGlobalIDString = E3C344F31EF1D9C700690D4C;
			remoteInfo = "WordZappPro 2.0";
		};
/* End PBXContainerItemProxy section */

/* Begin PBXFileReference section */
		E311C34A1F14648100296041 /* blue background.png */ = {isa = PBXFileReference; lastKnownFileType = image.png; path = "blue background.png"; sourceTree = "<group>"; };
		E311C34C1F1465B300296041 /* blue.jpg */ = {isa = PBXFileReference; lastKnownFileType = image.jpeg; path = blue.jpg; sourceTree = "<group>"; };
		E311C34E1F148B2900296041 /* wood.jpg */ = {isa = PBXFileReference; lastKnownFileType = image.jpeg; path = wood.jpg; sourceTree = "<group>"; };
		E311C3501F148E9300296041 /* darkWood.jpg */ = {isa = PBXFileReference; lastKnownFileType = image.jpeg; path = darkWood.jpg; sourceTree = "<group>"; };
		E311C3521F14964A00296041 /* woodFloor.jpg */ = {isa = PBXFileReference; lastKnownFileType = image.jpeg; path = woodFloor.jpg; sourceTree = "<group>"; };
		E311C3541F15B8CD00296041 /* parquet.jpg */ = {isa = PBXFileReference; lastKnownFileType = image.jpeg; path = parquet.jpg; sourceTree = "<group>"; };
		E311C3561F15B94A00296041 /* woodPattern.jpg */ = {isa = PBXFileReference; lastKnownFileType = image.jpeg; path = woodPattern.jpg; sourceTree = "<group>"; };
		E311C3581F15E61500296041 /* blackStone.jpg */ = {isa = PBXFileReference; lastKnownFileType = image.jpeg; path = blackStone.jpg; sourceTree = "<group>"; };
		E311C35A1F15E68F00296041 /* concrete.jpg */ = {isa = PBXFileReference; lastKnownFileType = image.jpeg; path = concrete.jpg; sourceTree = "<group>"; };
		E311C35E1F17223300296041 /* greyFelt.jpg */ = {isa = PBXFileReference; lastKnownFileType = image.jpeg; path = greyFelt.jpg; sourceTree = "<group>"; };
		E311C3601F17246300296041 /* woodPlank.jpg */ = {isa = PBXFileReference; lastKnownFileType = image.jpeg; path = woodPlank.jpg; sourceTree = "<group>"; };
		E311C3621F1724D100296041 /* whiteStone.jpg */ = {isa = PBXFileReference; lastKnownFileType = image.jpeg; path = whiteStone.jpg; sourceTree = "<group>"; };
		E3418E1E1EF2106700EF2487 /* GamePlayMethods.h */ = {isa = PBXFileReference; fileEncoding = 4; lastKnownFileType = sourcecode.c.h; path = GamePlayMethods.h; sourceTree = "<group>"; };
		E3418E1F1EF2106700EF2487 /* GamePlayMethods.m */ = {isa = PBXFileReference; fileEncoding = 4; lastKnownFileType = sourcecode.c.objc; path = GamePlayMethods.m; sourceTree = "<group>"; };
		E3418E211EF214DD00EF2487 /* easyList.txt */ = {isa = PBXFileReference; fileEncoding = 4; lastKnownFileType = text; path = easyList.txt; sourceTree = "<group>"; };
		E3418E221EF214DD00EF2487 /* mediumList.txt */ = {isa = PBXFileReference; fileEncoding = 4; lastKnownFileType = text; path = mediumList.txt; sourceTree = "<group>"; };
		E3418E231EF214DD00EF2487 /* hardList.txt */ = {isa = PBXFileReference; fileEncoding = 4; lastKnownFileType = text; path = hardList.txt; sourceTree = "<group>"; };
		E3418E241EF214DD00EF2487 /* wordlist.txt */ = {isa = PBXFileReference; fileEncoding = 4; lastKnownFileType = text; path = wordlist.txt; sourceTree = "<group>"; };
		E3418E291EF221CB00EF2487 /* letterButton.h */ = {isa = PBXFileReference; fileEncoding = 4; lastKnownFileType = sourcecode.c.h; path = letterButton.h; sourceTree = "<group>"; };
		E3418E2A1EF221CB00EF2487 /* letterButton.m */ = {isa = PBXFileReference; fileEncoding = 4; lastKnownFileType = sourcecode.c.objc; path = letterButton.m; sourceTree = "<group>"; };
		E3418E2C1EF221EF00EF2487 /* wordBox.h */ = {isa = PBXFileReference; fileEncoding = 4; lastKnownFileType = sourcecode.c.h; path = wordBox.h; sourceTree = "<group>"; };
		E3418E2D1EF221EF00EF2487 /* wordBox.m */ = {isa = PBXFileReference; fileEncoding = 4; lastKnownFileType = sourcecode.c.objc; path = wordBox.m; sourceTree = "<group>"; };
		E3418E2F1EF4E32F00EF2487 /* tile.png */ = {isa = PBXFileReference; lastKnownFileType = image.png; path = tile.png; sourceTree = "<group>"; };
		E34432A61F02DCFB004F84FD /* HeadChoiceViewController.h */ = {isa = PBXFileReference; fileEncoding = 4; lastKnownFileType = sourcecode.c.h; path = HeadChoiceViewController.h; sourceTree = "<group>"; };
		E34432A71F02DCFB004F84FD /* HeadChoiceViewController.m */ = {isa = PBXFileReference; fileEncoding = 4; lastKnownFileType = sourcecode.c.objc; path = HeadChoiceViewController.m; sourceTree = "<group>"; };
		E34432A91F02DD14004F84FD /* HostViewController.h */ = {isa = PBXFileReference; fileEncoding = 4; lastKnownFileType = sourcecode.c.h; path = HostViewController.h; sourceTree = "<group>"; };
		E34432AA1F02DD14004F84FD /* HostViewController.m */ = {isa = PBXFileReference; fileEncoding = 4; lastKnownFileType = sourcecode.c.objc; path = HostViewController.m; sourceTree = "<group>"; };
		E34432AC1F02DD25004F84FD /* JoinViewController.h */ = {isa = PBXFileReference; fileEncoding = 4; lastKnownFileType = sourcecode.c.h; path = JoinViewController.h; sourceTree = "<group>"; };
		E34432AD1F02DD25004F84FD /* JoinViewController.m */ = {isa = PBXFileReference; fileEncoding = 4; lastKnownFileType = sourcecode.c.objc; path = JoinViewController.m; sourceTree = "<group>"; };
		E3C344F41EF1D9C700690D4C /* WordZappPro 2.0.app */ = {isa = PBXFileReference; explicitFileType = wrapper.application; includeInIndex = 0; path = "WordZappPro 2.0.app"; sourceTree = BUILT_PRODUCTS_DIR; };
		E3C344F81EF1D9C700690D4C /* main.m */ = {isa = PBXFileReference; lastKnownFileType = sourcecode.c.objc; path = main.m; sourceTree = "<group>"; };
		E3C344FA1EF1D9C700690D4C /* AppDelegate.h */ = {isa = PBXFileReference; lastKnownFileType = sourcecode.c.h; path = AppDelegate.h; sourceTree = "<group>"; };
		E3C344FB1EF1D9C700690D4C /* AppDelegate.m */ = {isa = PBXFileReference; lastKnownFileType = sourcecode.c.objc; path = AppDelegate.m; sourceTree = "<group>"; };
		E3C345011EF1D9C700690D4C /* Base */ = {isa = PBXFileReference; lastKnownFileType = file.storyboard; name = Base; path = Base.lproj/Main.storyboard; sourceTree = "<group>"; };
		E3C345031EF1D9C700690D4C /* Assets.xcassets */ = {isa = PBXFileReference; lastKnownFileType = folder.assetcatalog; path = Assets.xcassets; sourceTree = "<group>"; };
		E3C345061EF1D9C700690D4C /* Base */ = {isa = PBXFileReference; lastKnownFileType = file.storyboard; name = Base; path = Base.lproj/LaunchScreen.storyboard; sourceTree = "<group>"; };
		E3C345081EF1D9C700690D4C /* Info.plist */ = {isa = PBXFileReference; lastKnownFileType = text.plist.xml; path = Info.plist; sourceTree = "<group>"; };
		E3C3450D1EF1D9C800690D4C /* WordZappPro 2.0Tests.xctest */ = {isa = PBXFileReference; explicitFileType = wrapper.cfbundle; includeInIndex = 0; path = "WordZappPro 2.0Tests.xctest"; sourceTree = BUILT_PRODUCTS_DIR; };
		E3C345111EF1D9C800690D4C /* WordZappPro_2_0Tests.m */ = {isa = PBXFileReference; lastKnownFileType = sourcecode.c.objc; path = WordZappPro_2_0Tests.m; sourceTree = "<group>"; };
		E3C345131EF1D9C800690D4C /* Info.plist */ = {isa = PBXFileReference; lastKnownFileType = text.plist.xml; path = Info.plist; sourceTree = "<group>"; };
		E3C345181EF1D9C800690D4C /* WordZappPro 2.0UITests.xctest */ = {isa = PBXFileReference; explicitFileType = wrapper.cfbundle; includeInIndex = 0; path = "WordZappPro 2.0UITests.xctest"; sourceTree = BUILT_PRODUCTS_DIR; };
		E3C3451C1EF1D9C800690D4C /* WordZappPro_2_0UITests.m */ = {isa = PBXFileReference; lastKnownFileType = sourcecode.c.objc; path = WordZappPro_2_0UITests.m; sourceTree = "<group>"; };
		E3C3451E1EF1D9C800690D4C /* Info.plist */ = {isa = PBXFileReference; lastKnownFileType = text.plist.xml; path = Info.plist; sourceTree = "<group>"; };
		E3C3452A1EF2002300690D4C /* StartViewController.h */ = {isa = PBXFileReference; fileEncoding = 4; lastKnownFileType = sourcecode.c.h; name = StartViewController.h; path = ../StartViewController.h; sourceTree = "<group>"; };
		E3C3452B1EF2002300690D4C /* StartViewController.m */ = {isa = PBXFileReference; fileEncoding = 4; lastKnownFileType = sourcecode.c.objc; name = StartViewController.m; path = ../StartViewController.m; sourceTree = "<group>"; };
		E3C3452D1EF200B800690D4C /* SoloSetupViewController.h */ = {isa = PBXFileReference; fileEncoding = 4; lastKnownFileType = sourcecode.c.h; name = SoloSetupViewController.h; path = ../SoloSetupViewController.h; sourceTree = "<group>"; };
		E3C3452E1EF200B800690D4C /* SoloSetupViewController.m */ = {isa = PBXFileReference; fileEncoding = 4; lastKnownFileType = sourcecode.c.objc; name = SoloSetupViewController.m; path = ../SoloSetupViewController.m; sourceTree = "<group>"; };
		E3C345331EF200DF00690D4C /* SoloPlayViewController.h */ = {isa = PBXFileReference; fileEncoding = 4; lastKnownFileType = sourcecode.c.h; name = SoloPlayViewController.h; path = ../SoloPlayViewController.h; sourceTree = "<group>"; };
		E3C345341EF200DF00690D4C /* SoloPlayViewController.m */ = {isa = PBXFileReference; fileEncoding = 4; lastKnownFileType = sourcecode.c.objc; name = SoloPlayViewController.m; path = ../SoloPlayViewController.m; sourceTree = "<group>"; };
		E3C345361EF200EF00690D4C /* HeadPlayViewController.h */ = {isa = PBXFileReference; fileEncoding = 4; lastKnownFileType = sourcecode.c.h; name = HeadPlayViewController.h; path = ../HeadPlayViewController.h; sourceTree = "<group>"; };
		E3C345371EF200EF00690D4C /* HeadPlayViewController.m */ = {isa = PBXFileReference; fileEncoding = 4; lastKnownFileType = sourcecode.c.objc; name = HeadPlayViewController.m; path = ../HeadPlayViewController.m; sourceTree = "<group>"; };
		E3C345391EF201CB00690D4C /* MCManager.h */ = {isa = PBXFileReference; fileEncoding = 4; lastKnownFileType = sourcecode.c.h; path = MCManager.h; sourceTree = "<group>"; };
		E3C3453A1EF201CB00690D4C /* MCManager.m */ = {isa = PBXFileReference; fileEncoding = 4; lastKnownFileType = sourcecode.c.objc; path = MCManager.m; sourceTree = "<group>"; };
		E3EB17011F3F072300899D12 /* UserDefaults.h */ = {isa = PBXFileReference; fileEncoding = 4; lastKnownFileType = sourcecode.c.h; name = UserDefaults.h; path = ../UserDefaults.h; sourceTree = "<group>"; };
		E3EB17021F3F072300899D12 /* UserDefaults.m */ = {isa = PBXFileReference; fileEncoding = 4; lastKnownFileType = sourcecode.c.objc; name = UserDefaults.m; path = ../UserDefaults.m; sourceTree = "<group>"; };
		E3EB17041F3F1E7900899D12 /* HighScoresViewController.h */ = {isa = PBXFileReference; fileEncoding = 4; lastKnownFileType = sourcecode.c.h; path = HighScoresViewController.h; sourceTree = "<group>"; };
		E3EB17051F3F1E7900899D12 /* HighScoresViewController.m */ = {isa = PBXFileReference; fileEncoding = 4; lastKnownFileType = sourcecode.c.objc; path = HighScoresViewController.m; sourceTree = "<group>"; };
/* End PBXFileReference section */

/* Begin PBXFrameworksBuildPhase section */
		E3C344F11EF1D9C700690D4C /* Frameworks */ = {
			isa = PBXFrameworksBuildPhase;
			buildActionMask = 2147483647;
			files = (
			);
			runOnlyForDeploymentPostprocessing = 0;
		};
		E3C3450A1EF1D9C800690D4C /* Frameworks */ = {
			isa = PBXFrameworksBuildPhase;
			buildActionMask = 2147483647;
			files = (
			);
			runOnlyForDeploymentPostprocessing = 0;
		};
		E3C345151EF1D9C800690D4C /* Frameworks */ = {
			isa = PBXFrameworksBuildPhase;
			buildActionMask = 2147483647;
			files = (
			);
			runOnlyForDeploymentPostprocessing = 0;
		};
/* End PBXFrameworksBuildPhase section */

/* Begin PBXGroup section */
		E34432AF1F09C28E004F84FD /* General */ = {
			isa = PBXGroup;
			children = (
				E3EB17041F3F1E7900899D12 /* HighScoresViewController.h */,
				E3EB17051F3F1E7900899D12 /* HighScoresViewController.m */,
				E3C3452B1EF2002300690D4C /* StartViewController.m */,
				E3C3452A1EF2002300690D4C /* StartViewController.h */,
				E34432A71F02DCFB004F84FD /* HeadChoiceViewController.m */,
				E34432A61F02DCFB004F84FD /* HeadChoiceViewController.h */,
			);
			name = General;
			sourceTree = "<group>";
		};
		E34432B11F09C31A004F84FD /* Host */ = {
			isa = PBXGroup;
			children = (
				E34432A91F02DD14004F84FD /* HostViewController.h */,
				E34432AA1F02DD14004F84FD /* HostViewController.m */,
			);
			name = Host;
			sourceTree = "<group>";
		};
		E34432B21F09C341004F84FD /* Join  */ = {
			isa = PBXGroup;
			children = (
				E34432AC1F02DD25004F84FD /* JoinViewController.h */,
				E34432AD1F02DD25004F84FD /* JoinViewController.m */,
			);
			name = "Join ";
			sourceTree = "<group>";
		};
		E34432B31F09C368004F84FD /* Solo */ = {
			isa = PBXGroup;
			children = (
				E3C3452D1EF200B800690D4C /* SoloSetupViewController.h */,
				E3C3452E1EF200B800690D4C /* SoloSetupViewController.m */,
				E3C345331EF200DF00690D4C /* SoloPlayViewController.h */,
				E3C345341EF200DF00690D4C /* SoloPlayViewController.m */,
			);
			name = Solo;
			sourceTree = "<group>";
		};
		E34432B41F09C384004F84FD /* Objects */ = {
			isa = PBXGroup;
			children = (
				E3418E2A1EF221CB00EF2487 /* letterButton.m */,
				E3418E2C1EF221EF00EF2487 /* wordBox.h */,
				E3418E2D1EF221EF00EF2487 /* wordBox.m */,
				E3418E291EF221CB00EF2487 /* letterButton.h */,
			);
			name = Objects;
			sourceTree = "<group>";
		};
		E34432B51F09C3B0004F84FD /* Head */ = {
			isa = PBXGroup;
			children = (
				E3C345361EF200EF00690D4C /* HeadPlayViewController.h */,
				E3C345371EF200EF00690D4C /* HeadPlayViewController.m */,
			);
			name = Head;
			sourceTree = "<group>";
		};
		E34432B61F09C3EE004F84FD /* Methods */ = {
			isa = PBXGroup;
			children = (
				E3EB17011F3F072300899D12 /* UserDefaults.h */,
				E3EB17021F3F072300899D12 /* UserDefaults.m */,
				E3418E1E1EF2106700EF2487 /* GamePlayMethods.h */,
				E3418E1F1EF2106700EF2487 /* GamePlayMethods.m */,
				E3C345391EF201CB00690D4C /* MCManager.h */,
				E3C3453A1EF201CB00690D4C /* MCManager.m */,
			);
			name = Methods;
			sourceTree = "<group>";
		};
		E3C344EB1EF1D9C700690D4C = {
			isa = PBXGroup;
			children = (
				E3C344F61EF1D9C700690D4C /* WordZappPro 2.0 */,
				E3C345101EF1D9C800690D4C /* WordZappPro 2.0Tests */,
				E3C3451B1EF1D9C800690D4C /* WordZappPro 2.0UITests */,
				E3C344F51EF1D9C700690D4C /* Products */,
			);
			sourceTree = "<group>";
		};
		E3C344F51EF1D9C700690D4C /* Products */ = {
			isa = PBXGroup;
			children = (
				E3C344F41EF1D9C700690D4C /* WordZappPro 2.0.app */,
				E3C3450D1EF1D9C800690D4C /* WordZappPro 2.0Tests.xctest */,
				E3C345181EF1D9C800690D4C /* WordZappPro 2.0UITests.xctest */,
			);
			name = Products;
			sourceTree = "<group>";
		};
		E3C344F61EF1D9C700690D4C /* WordZappPro 2.0 */ = {
			isa = PBXGroup;
			children = (
				E3C345001EF1D9C700690D4C /* Main.storyboard */,
				E3C345051EF1D9C700690D4C /* LaunchScreen.storyboard */,
				E34432AF1F09C28E004F84FD /* General */,
				E34432B11F09C31A004F84FD /* Host */,
				E34432B21F09C341004F84FD /* Join  */,
				E34432B61F09C3EE004F84FD /* Methods */,
				E34432B41F09C384004F84FD /* Objects */,
				E34432B31F09C368004F84FD /* Solo */,
				E34432B51F09C3B0004F84FD /* Head */,
				E3C344FA1EF1D9C700690D4C /* AppDelegate.h */,
				E3C344FB1EF1D9C700690D4C /* AppDelegate.m */,
				E3C345031EF1D9C700690D4C /* Assets.xcassets */,
				E3C345081EF1D9C700690D4C /* Info.plist */,
				E3C344F71EF1D9C700690D4C /* Supporting Files */,
			);
			path = "WordZappPro 2.0";
			sourceTree = "<group>";
		};
		E3C344F71EF1D9C700690D4C /* Supporting Files */ = {
			isa = PBXGroup;
			children = (
				E311C34C1F1465B300296041 /* blue.jpg */,
				E311C34A1F14648100296041 /* blue background.png */,
				E3418E211EF214DD00EF2487 /* easyList.txt */,
				E3418E221EF214DD00EF2487 /* mediumList.txt */,
				E3418E231EF214DD00EF2487 /* hardList.txt */,
				E3418E241EF214DD00EF2487 /* wordlist.txt */,
				E311C35A1F15E68F00296041 /* concrete.jpg */,
				E311C35E1F17223300296041 /* greyFelt.jpg */,
				E311C3521F14964A00296041 /* woodFloor.jpg */,
				E311C3541F15B8CD00296041 /* parquet.jpg */,
				E311C34E1F148B2900296041 /* wood.jpg */,
				E311C3601F17246300296041 /* woodPlank.jpg */,
				E311C3561F15B94A00296041 /* woodPattern.jpg */,
				E311C3581F15E61500296041 /* blackStone.jpg */,
				E311C3501F148E9300296041 /* darkWood.jpg */,
				E311C3621F1724D100296041 /* whiteStone.jpg */,
				E3418E2F1EF4E32F00EF2487 /* tile.png */,
				E3C344F81EF1D9C700690D4C /* main.m */,
			);
			name = "Supporting Files";
			sourceTree = "<group>";
		};
		E3C345101EF1D9C800690D4C /* WordZappPro 2.0Tests */ = {
			isa = PBXGroup;
			children = (
				E3C345111EF1D9C800690D4C /* WordZappPro_2_0Tests.m */,
				E3C345131EF1D9C800690D4C /* Info.plist */,
			);
			path = "WordZappPro 2.0Tests";
			sourceTree = "<group>";
		};
		E3C3451B1EF1D9C800690D4C /* WordZappPro 2.0UITests */ = {
			isa = PBXGroup;
			children = (
				E3C3451C1EF1D9C800690D4C /* WordZappPro_2_0UITests.m */,
				E3C3451E1EF1D9C800690D4C /* Info.plist */,
			);
			path = "WordZappPro 2.0UITests";
			sourceTree = "<group>";
		};
/* End PBXGroup section */

/* Begin PBXNativeTarget section */
		E3C344F31EF1D9C700690D4C /* WordZappPro 2.0 */ = {
			isa = PBXNativeTarget;
			buildConfigurationList = E3C345211EF1D9C800690D4C /* Build configuration list for PBXNativeTarget "WordZappPro 2.0" */;
			buildPhases = (
				E3C344F01EF1D9C700690D4C /* Sources */,
				E3C344F11EF1D9C700690D4C /* Frameworks */,
				E3C344F21EF1D9C700690D4C /* Resources */,
			);
			buildRules = (
			);
			dependencies = (
			);
			name = "WordZappPro 2.0";
			productName = "WordZappPro 2.0";
			productReference = E3C344F41EF1D9C700690D4C /* WordZappPro 2.0.app */;
			productType = "com.apple.product-type.application";
		};
		E3C3450C1EF1D9C800690D4C /* WordZappPro 2.0Tests */ = {
			isa = PBXNativeTarget;
			buildConfigurationList = E3C345241EF1D9C800690D4C /* Build configuration list for PBXNativeTarget "WordZappPro 2.0Tests" */;
			buildPhases = (
				E3C345091EF1D9C800690D4C /* Sources */,
				E3C3450A1EF1D9C800690D4C /* Frameworks */,
				E3C3450B1EF1D9C800690D4C /* Resources */,
			);
			buildRules = (
			);
			dependencies = (
				E3C3450F1EF1D9C800690D4C /* PBXTargetDependency */,
			);
			name = "WordZappPro 2.0Tests";
			productName = "WordZappPro 2.0Tests";
			productReference = E3C3450D1EF1D9C800690D4C /* WordZappPro 2.0Tests.xctest */;
			productType = "com.apple.product-type.bundle.unit-test";
		};
		E3C345171EF1D9C800690D4C /* WordZappPro 2.0UITests */ = {
			isa = PBXNativeTarget;
			buildConfigurationList = E3C345271EF1D9C800690D4C /* Build configuration list for PBXNativeTarget "WordZappPro 2.0UITests" */;
			buildPhases = (
				E3C345141EF1D9C800690D4C /* Sources */,
				E3C345151EF1D9C800690D4C /* Frameworks */,
				E3C345161EF1D9C800690D4C /* Resources */,
			);
			buildRules = (
			);
			dependencies = (
				E3C3451A1EF1D9C800690D4C /* PBXTargetDependency */,
			);
			name = "WordZappPro 2.0UITests";
			productName = "WordZappPro 2.0UITests";
			productReference = E3C345181EF1D9C800690D4C /* WordZappPro 2.0UITests.xctest */;
			productType = "com.apple.product-type.bundle.ui-testing";
		};
/* End PBXNativeTarget section */

/* Begin PBXProject section */
		E3C344EC1EF1D9C700690D4C /* Project object */ = {
			isa = PBXProject;
			attributes = {
				LastUpgradeCheck = 0900;
				ORGANIZATIONNAME = "AandA Development";
				TargetAttributes = {
					E3C344F31EF1D9C700690D4C = {
						CreatedOnToolsVersion = 8.3.2;
						DevelopmentTeam = 46FKL82M3N;
						ProvisioningStyle = Automatic;
					};
					E3C3450C1EF1D9C800690D4C = {
						CreatedOnToolsVersion = 8.3.2;
						DevelopmentTeam = 46FKL82M3N;
						ProvisioningStyle = Automatic;
						TestTargetID = E3C344F31EF1D9C700690D4C;
					};
					E3C345171EF1D9C800690D4C = {
						CreatedOnToolsVersion = 8.3.2;
						DevelopmentTeam = 46FKL82M3N;
						ProvisioningStyle = Automatic;
						TestTargetID = E3C344F31EF1D9C700690D4C;
					};
				};
			};
			buildConfigurationList = E3C344EF1EF1D9C700690D4C /* Build configuration list for PBXProject "WordZappPro 2.0" */;
			compatibilityVersion = "Xcode 3.2";
			developmentRegion = English;
			hasScannedForEncodings = 0;
			knownRegions = (
				en,
				Base,
			);
			mainGroup = E3C344EB1EF1D9C700690D4C;
			productRefGroup = E3C344F51EF1D9C700690D4C /* Products */;
			projectDirPath = "";
			projectRoot = "";
			targets = (
				E3C344F31EF1D9C700690D4C /* WordZappPro 2.0 */,
				E3C3450C1EF1D9C800690D4C /* WordZappPro 2.0Tests */,
				E3C345171EF1D9C800690D4C /* WordZappPro 2.0UITests */,
			);
		};
/* End PBXProject section */

/* Begin PBXResourcesBuildPhase section */
		E3C344F21EF1D9C700690D4C /* Resources */ = {
			isa = PBXResourcesBuildPhase;
			buildActionMask = 2147483647;
			files = (
				E3418E251EF214DD00EF2487 /* easyList.txt in Resources */,
				E311C34D1F1465B300296041 /* blue.jpg in Resources */,
				E311C35B1F15E68F00296041 /* concrete.jpg in Resources */,
				E3418E301EF4E32F00EF2487 /* tile.png in Resources */,
				E311C3591F15E61500296041 /* blackStone.jpg in Resources */,
				E3418E261EF214DD00EF2487 /* mediumList.txt in Resources */,
				E311C3571F15B94A00296041 /* woodPattern.jpg in Resources */,
				E311C3631F1724D100296041 /* whiteStone.jpg in Resources */,
				E311C35F1F17223300296041 /* greyFelt.jpg in Resources */,
				E311C3531F14964A00296041 /* woodFloor.jpg in Resources */,
				E3C345071EF1D9C700690D4C /* LaunchScreen.storyboard in Resources */,
				E3418E281EF214DD00EF2487 /* wordlist.txt in Resources */,
				E311C34F1F148B2900296041 /* wood.jpg in Resources */,
				E3C345041EF1D9C700690D4C /* Assets.xcassets in Resources */,
				E3C345021EF1D9C700690D4C /* Main.storyboard in Resources */,
				E311C34B1F14648100296041 /* blue background.png in Resources */,
				E311C3511F148E9300296041 /* darkWood.jpg in Resources */,
				E311C3551F15B8CD00296041 /* parquet.jpg in Resources */,
				E3418E271EF214DD00EF2487 /* hardList.txt in Resources */,
				E311C3611F17246300296041 /* woodPlank.jpg in Resources */,
			);
			runOnlyForDeploymentPostprocessing = 0;
		};
		E3C3450B1EF1D9C800690D4C /* Resources */ = {
			isa = PBXResourcesBuildPhase;
			buildActionMask = 2147483647;
			files = (
			);
			runOnlyForDeploymentPostprocessing = 0;
		};
		E3C345161EF1D9C800690D4C /* Resources */ = {
			isa = PBXResourcesBuildPhase;
			buildActionMask = 2147483647;
			files = (
			);
			runOnlyForDeploymentPostprocessing = 0;
		};
/* End PBXResourcesBuildPhase section */

/* Begin PBXSourcesBuildPhase section */
		E3C344F01EF1D9C700690D4C /* Sources */ = {
			isa = PBXSourcesBuildPhase;
			buildActionMask = 2147483647;
			files = (
				E34432AE1F02DD25004F84FD /* JoinViewController.m in Sources */,
				E3418E2E1EF221EF00EF2487 /* wordBox.m in Sources */,
				E3C3453B1EF201CB00690D4C /* MCManager.m in Sources */,
				E3418E201EF2106700EF2487 /* GamePlayMethods.m in Sources */,
				E3418E2B1EF221CB00EF2487 /* letterButton.m in Sources */,
				E34432A81F02DCFB004F84FD /* HeadChoiceViewController.m in Sources */,
				E3EB17031F3F072300899D12 /* UserDefaults.m in Sources */,
				E3C3452C1EF2002300690D4C /* StartViewController.m in Sources */,
				E3C3452F1EF200B800690D4C /* SoloSetupViewController.m in Sources */,
				E34432AB1F02DD14004F84FD /* HostViewController.m in Sources */,
				E3C345381EF200EF00690D4C /* HeadPlayViewController.m in Sources */,
				E3C344FC1EF1D9C700690D4C /* AppDelegate.m in Sources */,
				E3EB17061F3F1E7900899D12 /* HighScoresViewController.m in Sources */,
				E3C344F91EF1D9C700690D4C /* main.m in Sources */,
				E3C345351EF200DF00690D4C /* SoloPlayViewController.m in Sources */,
			);
			runOnlyForDeploymentPostprocessing = 0;
		};
		E3C345091EF1D9C800690D4C /* Sources */ = {
			isa = PBXSourcesBuildPhase;
			buildActionMask = 2147483647;
			files = (
				E3C345121EF1D9C800690D4C /* WordZappPro_2_0Tests.m in Sources */,
			);
			runOnlyForDeploymentPostprocessing = 0;
		};
		E3C345141EF1D9C800690D4C /* Sources */ = {
			isa = PBXSourcesBuildPhase;
			buildActionMask = 2147483647;
			files = (
				E3C3451D1EF1D9C800690D4C /* WordZappPro_2_0UITests.m in Sources */,
			);
			runOnlyForDeploymentPostprocessing = 0;
		};
/* End PBXSourcesBuildPhase section */

/* Begin PBXTargetDependency section */
		E3C3450F1EF1D9C800690D4C /* PBXTargetDependency */ = {
			isa = PBXTargetDependency;
			target = E3C344F31EF1D9C700690D4C /* WordZappPro 2.0 */;
			targetProxy = E3C3450E1EF1D9C800690D4C /* PBXContainerItemProxy */;
		};
		E3C3451A1EF1D9C800690D4C /* PBXTargetDependency */ = {
			isa = PBXTargetDependency;
			target = E3C344F31EF1D9C700690D4C /* WordZappPro 2.0 */;
			targetProxy = E3C345191EF1D9C800690D4C /* PBXContainerItemProxy */;
		};
/* End PBXTargetDependency section */

/* Begin PBXVariantGroup section */
		E3C345001EF1D9C700690D4C /* Main.storyboard */ = {
			isa = PBXVariantGroup;
			children = (
				E3C345011EF1D9C700690D4C /* Base */,
			);
			name = Main.storyboard;
			sourceTree = "<group>";
		};
		E3C345051EF1D9C700690D4C /* LaunchScreen.storyboard */ = {
			isa = PBXVariantGroup;
			children = (
				E3C345061EF1D9C700690D4C /* Base */,
			);
			name = LaunchScreen.storyboard;
			sourceTree = "<group>";
		};
/* End PBXVariantGroup section */

/* Begin XCBuildConfiguration section */
		E3C3451F1EF1D9C800690D4C /* Debug */ = {
			isa = XCBuildConfiguration;
			buildSettings = {
				ALWAYS_SEARCH_USER_PATHS = NO;
				CLANG_ANALYZER_NONNULL = YES;
				CLANG_ANALYZER_NUMBER_OBJECT_CONVERSION = YES_AGGRESSIVE;
				CLANG_CXX_LANGUAGE_STANDARD = "gnu++0x";
				CLANG_CXX_LIBRARY = "libc++";
				CLANG_ENABLE_MODULES = YES;
				CLANG_ENABLE_OBJC_ARC = YES;
				CLANG_WARN_BLOCK_CAPTURE_AUTORELEASING = YES;
				CLANG_WARN_BOOL_CONVERSION = YES;
				CLANG_WARN_COMMA = YES;
				CLANG_WARN_CONSTANT_CONVERSION = YES;
				CLANG_WARN_DIRECT_OBJC_ISA_USAGE = YES_ERROR;
				CLANG_WARN_DOCUMENTATION_COMMENTS = YES;
				CLANG_WARN_EMPTY_BODY = YES;
				CLANG_WARN_ENUM_CONVERSION = YES;
				CLANG_WARN_INFINITE_RECURSION = YES;
				CLANG_WARN_INT_CONVERSION = YES;
				CLANG_WARN_NON_LITERAL_NULL_CONVERSION = YES;
				CLANG_WARN_OBJC_LITERAL_CONVERSION = YES;
				CLANG_WARN_OBJC_ROOT_CLASS = YES_ERROR;
				CLANG_WARN_RANGE_LOOP_ANALYSIS = YES;
				CLANG_WARN_STRICT_PROTOTYPES = YES;
				CLANG_WARN_SUSPICIOUS_MOVE = YES;
				CLANG_WARN_UNREACHABLE_CODE = YES;
				CLANG_WARN__DUPLICATE_METHOD_MATCH = YES;
				"CODE_SIGN_IDENTITY[sdk=iphoneos*]" = "iPhone Developer";
				COPY_PHASE_STRIP = NO;
				DEBUG_INFORMATION_FORMAT = dwarf;
				ENABLE_STRICT_OBJC_MSGSEND = YES;
				ENABLE_TESTABILITY = YES;
				GCC_C_LANGUAGE_STANDARD = gnu99;
				GCC_DYNAMIC_NO_PIC = NO;
				GCC_NO_COMMON_BLOCKS = YES;
				GCC_OPTIMIZATION_LEVEL = 0;
				GCC_PREPROCESSOR_DEFINITIONS = (
					"DEBUG=1",
					"$(inherited)",
				);
				GCC_WARN_64_TO_32_BIT_CONVERSION = YES;
				GCC_WARN_ABOUT_RETURN_TYPE = YES_ERROR;
				GCC_WARN_UNDECLARED_SELECTOR = YES;
				GCC_WARN_UNINITIALIZED_AUTOS = YES_AGGRESSIVE;
				GCC_WARN_UNUSED_FUNCTION = YES;
				GCC_WARN_UNUSED_VARIABLE = YES;
				IPHONEOS_DEPLOYMENT_TARGET = 11.0;
				MTL_ENABLE_DEBUG_INFO = YES;
				ONLY_ACTIVE_ARCH = YES;
				SDKROOT = iphoneos;
			};
			name = Debug;
		};
		E3C345201EF1D9C800690D4C /* Release */ = {
			isa = XCBuildConfiguration;
			buildSettings = {
				ALWAYS_SEARCH_USER_PATHS = NO;
				CLANG_ANALYZER_NONNULL = YES;
				CLANG_ANALYZER_NUMBER_OBJECT_CONVERSION = YES_AGGRESSIVE;
				CLANG_CXX_LANGUAGE_STANDARD = "gnu++0x";
				CLANG_CXX_LIBRARY = "libc++";
				CLANG_ENABLE_MODULES = YES;
				CLANG_ENABLE_OBJC_ARC = YES;
				CLANG_WARN_BLOCK_CAPTURE_AUTORELEASING = YES;
				CLANG_WARN_BOOL_CONVERSION = YES;
				CLANG_WARN_COMMA = YES;
				CLANG_WARN_CONSTANT_CONVERSION = YES;
				CLANG_WARN_DIRECT_OBJC_ISA_USAGE = YES_ERROR;
				CLANG_WARN_DOCUMENTATION_COMMENTS = YES;
				CLANG_WARN_EMPTY_BODY = YES;
				CLANG_WARN_ENUM_CONVERSION = YES;
				CLANG_WARN_INFINITE_RECURSION = YES;
				CLANG_WARN_INT_CONVERSION = YES;
				CLANG_WARN_NON_LITERAL_NULL_CONVERSION = YES;
				CLANG_WARN_OBJC_LITERAL_CONVERSION = YES;
				CLANG_WARN_OBJC_ROOT_CLASS = YES_ERROR;
				CLANG_WARN_RANGE_LOOP_ANALYSIS = YES;
				CLANG_WARN_STRICT_PROTOTYPES = YES;
				CLANG_WARN_SUSPICIOUS_MOVE = YES;
				CLANG_WARN_UNREACHABLE_CODE = YES;
				CLANG_WARN__DUPLICATE_METHOD_MATCH = YES;
				"CODE_SIGN_IDENTITY[sdk=iphoneos*]" = "iPhone Developer";
				COPY_PHASE_STRIP = NO;
				DEBUG_INFORMATION_FORMAT = "dwarf-with-dsym";
				ENABLE_NS_ASSERTIONS = NO;
				ENABLE_STRICT_OBJC_MSGSEND = YES;
				GCC_C_LANGUAGE_STANDARD = gnu99;
				GCC_NO_COMMON_BLOCKS = YES;
				GCC_WARN_64_TO_32_BIT_CONVERSION = YES;
				GCC_WARN_ABOUT_RETURN_TYPE = YES_ERROR;
				GCC_WARN_UNDECLARED_SELECTOR = YES;
				GCC_WARN_UNINITIALIZED_AUTOS = YES_AGGRESSIVE;
				GCC_WARN_UNUSED_FUNCTION = YES;
				GCC_WARN_UNUSED_VARIABLE = YES;
				IPHONEOS_DEPLOYMENT_TARGET = 11.0;
				MTL_ENABLE_DEBUG_INFO = NO;
				SDKROOT = iphoneos;
				VALIDATE_PRODUCT = YES;
			};
			name = Release;
		};
		E3C345221EF1D9C800690D4C /* Debug */ = {
			isa = XCBuildConfiguration;
			buildSettings = {
				ASSETCATALOG_COMPILER_APPICON_NAME = AppIcon;
				"CODE_SIGN_IDENTITY[sdk=iphoneos*]" = "iPhone Developer";
				DEVELOPMENT_TEAM = 46FKL82M3N;
				"GCC_WARN_64_TO_32_BIT_CONVERSION[arch=*64]" = NO;
				INFOPLIST_FILE = "WordZappPro 2.0/Info.plist";
				IPHONEOS_DEPLOYMENT_TARGET = 10.0;
				LD_RUNPATH_SEARCH_PATHS = "$(inherited) @executable_path/Frameworks";
				PRODUCT_BUNDLE_IDENTIFIER = "com.AandA.WordZappPro-2-0";
				PRODUCT_NAME = "$(TARGET_NAME)";
				PROVISIONING_PROFILE = "";
				PROVISIONING_PROFILE_SPECIFIER = "";
				TARGETED_DEVICE_FAMILY = "1,2";
			};
			name = Debug;
		};
		E3C345231EF1D9C800690D4C /* Release */ = {
			isa = XCBuildConfiguration;
			buildSettings = {
				ASSETCATALOG_COMPILER_APPICON_NAME = AppIcon;
				"CODE_SIGN_IDENTITY[sdk=iphoneos*]" = "iPhone Developer";
				DEVELOPMENT_TEAM = 46FKL82M3N;
				INFOPLIST_FILE = "WordZappPro 2.0/Info.plist";
				IPHONEOS_DEPLOYMENT_TARGET = 10.0;
				LD_RUNPATH_SEARCH_PATHS = "$(inherited) @executable_path/Frameworks";
				PRODUCT_BUNDLE_IDENTIFIER = "com.AandA.WordZappPro-2-0";
				PRODUCT_NAME = "$(TARGET_NAME)";
				PROVISIONING_PROFILE_SPECIFIER = "";
				TARGETED_DEVICE_FAMILY = "1,2";
			};
			name = Release;
		};
		E3C345251EF1D9C800690D4C /* Debug */ = {
			isa = XCBuildConfiguration;
			buildSettings = {
				BUNDLE_LOADER = "$(TEST_HOST)";
				DEVELOPMENT_TEAM = 46FKL82M3N;
				INFOPLIST_FILE = "WordZappPro 2.0Tests/Info.plist";
				IPHONEOS_DEPLOYMENT_TARGET = 10.0;
				LD_RUNPATH_SEARCH_PATHS = "$(inherited) @executable_path/Frameworks @loader_path/Frameworks";
				PRODUCT_BUNDLE_IDENTIFIER = "AandA.WordZappPro-2-0Tests";
				PRODUCT_NAME = "$(TARGET_NAME)";
				TEST_HOST = "$(BUILT_PRODUCTS_DIR)/WordZappPro 2.0.app/WordZappPro 2.0";
			};
			name = Debug;
		};
		E3C345261EF1D9C800690D4C /* Release */ = {
			isa = XCBuildConfiguration;
			buildSettings = {
				BUNDLE_LOADER = "$(TEST_HOST)";
				DEVELOPMENT_TEAM = 46FKL82M3N;
				INFOPLIST_FILE = "WordZappPro 2.0Tests/Info.plist";
				IPHONEOS_DEPLOYMENT_TARGET = 10.0;
				LD_RUNPATH_SEARCH_PATHS = "$(inherited) @executable_path/Frameworks @loader_path/Frameworks";
				PRODUCT_BUNDLE_IDENTIFIER = "AandA.WordZappPro-2-0Tests";
				PRODUCT_NAME = "$(TARGET_NAME)";
				TEST_HOST = "$(BUILT_PRODUCTS_DIR)/WordZappPro 2.0.app/WordZappPro 2.0";
			};
			name = Release;
		};
		E3C345281EF1D9C800690D4C /* Debug */ = {
			isa = XCBuildConfiguration;
			buildSettings = {
				DEVELOPMENT_TEAM = 46FKL82M3N;
				INFOPLIST_FILE = "WordZappPro 2.0UITests/Info.plist";
				IPHONEOS_DEPLOYMENT_TARGET = 10.3;
				LD_RUNPATH_SEARCH_PATHS = "$(inherited) @executable_path/Frameworks @loader_path/Frameworks";
				PRODUCT_BUNDLE_IDENTIFIER = "AandA.WordZappPro-2-0UITests";
				PRODUCT_NAME = "$(TARGET_NAME)";
				TEST_TARGET_NAME = "WordZappPro 2.0";
			};
			name = Debug;
		};
		E3C345291EF1D9C800690D4C /* Release */ = {
			isa = XCBuildConfiguration;
			buildSettings = {
				DEVELOPMENT_TEAM = 46FKL82M3N;
				INFOPLIST_FILE = "WordZappPro 2.0UITests/Info.plist";
				IPHONEOS_DEPLOYMENT_TARGET = 10.3;
				LD_RUNPATH_SEARCH_PATHS = "$(inherited) @executable_path/Frameworks @loader_path/Frameworks";
				PRODUCT_BUNDLE_IDENTIFIER = "AandA.WordZappPro-2-0UITests";
				PRODUCT_NAME = "$(TARGET_NAME)";
				TEST_TARGET_NAME = "WordZappPro 2.0";
			};
			name = Release;
		};
/* End XCBuildConfiguration section */

/* Begin XCConfigurationList section */
		E3C344EF1EF1D9C700690D4C /* Build configuration list for PBXProject "WordZappPro 2.0" */ = {
			isa = XCConfigurationList;
			buildConfigurations = (
				E3C3451F1EF1D9C800690D4C /* Debug */,
				E3C345201EF1D9C800690D4C /* Release */,
			);
			defaultConfigurationIsVisible = 0;
			defaultConfigurationName = Release;
		};
		E3C345211EF1D9C800690D4C /* Build configuration list for PBXNativeTarget "WordZappPro 2.0" */ = {
			isa = XCConfigurationList;
			buildConfigurations = (
				E3C345221EF1D9C800690D4C /* Debug */,
				E3C345231EF1D9C800690D4C /* Release */,
			);
			defaultConfigurationIsVisible = 0;
			defaultConfigurationName = Release;
		};
		E3C345241EF1D9C800690D4C /* Build configuration list for PBXNativeTarget "WordZappPro 2.0Tests" */ = {
			isa = XCConfigurationList;
			buildConfigurations = (
				E3C345251EF1D9C800690D4C /* Debug */,
				E3C345261EF1D9C800690D4C /* Release */,
			);
			defaultConfigurationIsVisible = 0;
			defaultConfigurationName = Release;
		};
		E3C345271EF1D9C800690D4C /* Build configuration list for PBXNativeTarget "WordZappPro 2.0UITests" */ = {
			isa = XCConfigurationList;
			buildConfigurations = (
				E3C345281EF1D9C800690D4C /* Debug */,
				E3C345291EF1D9C800690D4C /* Release */,
			);
			defaultConfigurationIsVisible = 0;
			defaultConfigurationName = Release;
		};
/* End XCConfigurationList section */
	};
	rootObject = E3C344EC1EF1D9C700690D4C /* Project object */;
}
